// !$*UTF8*$!
{
	archiveVersion = 1;
	classes = {
	};
	objectVersion = 46;
	objects = {

/* Begin PBXBuildFile section */
		2B6C0D6B1B378259000C57F2 /* AppDelegate.swift in Sources */ = {isa = PBXBuildFile; fileRef = 2B6C0D6A1B378259000C57F2 /* AppDelegate.swift */; };
		2B6C0D6D1B378259000C57F2 /* ViewController.swift in Sources */ = {isa = PBXBuildFile; fileRef = 2B6C0D6C1B378259000C57F2 /* ViewController.swift */; };
		2B6C0D701B378259000C57F2 /* Main.storyboard in Resources */ = {isa = PBXBuildFile; fileRef = 2B6C0D6E1B378259000C57F2 /* Main.storyboard */; };
		2B6C0D721B378259000C57F2 /* Images.xcassets in Resources */ = {isa = PBXBuildFile; fileRef = 2B6C0D711B378259000C57F2 /* Images.xcassets */; };
		2B6C0D751B378259000C57F2 /* LaunchScreen.xib in Resources */ = {isa = PBXBuildFile; fileRef = 2B6C0D731B378259000C57F2 /* LaunchScreen.xib */; };
		2B6C0D811B378259000C57F2 /* ReusableVCDemoTests.swift in Sources */ = {isa = PBXBuildFile; fileRef = 2B6C0D801B378259000C57F2 /* ReusableVCDemoTests.swift */; };
/* End PBXBuildFile section */

/* Begin PBXContainerItemProxy section */
		2B6C0D7B1B378259000C57F2 /* PBXContainerItemProxy */ = {
			isa = PBXContainerItemProxy;
			containerPortal = 2B6C0D5D1B378259000C57F2 /* Project object */;
			proxyType = 1;
			remoteGlobalIDString = 2B6C0D641B378259000C57F2;
			remoteInfo = ReusableVCDemo;
		};
/* End PBXContainerItemProxy section */

/* Begin PBXFileReference section */
		2B6C0D651B378259000C57F2 /* ReusableVCDemo.app */ = {isa = PBXFileReference; explicitFileType = wrapper.application; includeInIndex = 0; path = ReusableVCDemo.app; sourceTree = BUILT_PRODUCTS_DIR; };
		2B6C0D691B378259000C57F2 /* Info.plist */ = {isa = PBXFileReference; lastKnownFileType = text.plist.xml; path = Info.plist; sourceTree = "<group>"; };
		2B6C0D6A1B378259000C57F2 /* AppDelegate.swift */ = {isa = PBXFileReference; lastKnownFileType = sourcecode.swift; path = AppDelegate.swift; sourceTree = "<group>"; };
		2B6C0D6C1B378259000C57F2 /* ViewController.swift */ = {isa = PBXFileReference; lastKnownFileType = sourcecode.swift; path = ViewController.swift; sourceTree = "<group>"; };
		2B6C0D6F1B378259000C57F2 /* Base */ = {isa = PBXFileReference; lastKnownFileType = file.storyboard; name = Base; path = Base.lproj/Main.storyboard; sourceTree = "<group>"; };
		2B6C0D711B378259000C57F2 /* Images.xcassets */ = {isa = PBXFileReference; lastKnownFileType = folder.assetcatalog; path = Images.xcassets; sourceTree = "<group>"; };
		2B6C0D741B378259000C57F2 /* Base */ = {isa = PBXFileReference; lastKnownFileType = file.xib; name = Base; path = Base.lproj/LaunchScreen.xib; sourceTree = "<group>"; };
		2B6C0D7A1B378259000C57F2 /* ReusableVCDemoTests.xctest */ = {isa = PBXFileReference; explicitFileType = wrapper.cfbundle; includeInIndex = 0; path = ReusableVCDemoTests.xctest; sourceTree = BUILT_PRODUCTS_DIR; };
		2B6C0D7F1B378259000C57F2 /* Info.plist */ = {isa = PBXFileReference; lastKnownFileType = text.plist.xml; path = Info.plist; sourceTree = "<group>"; };
		2B6C0D801B378259000C57F2 /* ReusableVCDemoTests.swift */ = {isa = PBXFileReference; lastKnownFileType = sourcecode.swift; path = ReusableVCDemoTests.swift; sourceTree = "<group>"; };
/* End PBXFileReference section */

/* Begin PBXFrameworksBuildPhase section */
		2B6C0D621B378259000C57F2 /* Frameworks */ = {
			isa = PBXFrameworksBuildPhase;
			buildActionMask = 2147483647;
			files = (
			);
			runOnlyForDeploymentPostprocessing = 0;
		};
		2B6C0D771B378259000C57F2 /* Frameworks */ = {
			isa = PBXFrameworksBuildPhase;
			buildActionMask = 2147483647;
			files = (
			);
			runOnlyForDeploymentPostprocessing = 0;
		};
/* End PBXFrameworksBuildPhase section */

/* Begin PBXGroup section */
		2B6C0D5C1B378259000C57F2 = {
			isa = PBXGroup;
			children = (
				2B6C0D671B378259000C57F2 /* ReusableVCDemo */,
				2B6C0D7D1B378259000C57F2 /* ReusableVCDemoTests */,
				2B6C0D661B378259000C57F2 /* Products */,
			);
			sourceTree = "<group>";
		};
		2B6C0D661B378259000C57F2 /* Products */ = {
			isa = PBXGroup;
			children = (
				2B6C0D651B378259000C57F2 /* ReusableVCDemo.app */,
				2B6C0D7A1B378259000C57F2 /* ReusableVCDemoTests.xctest */,
			);
			name = Products;
			sourceTree = "<group>";
		};
		2B6C0D671B378259000C57F2 /* ReusableVCDemo */ = {
			isa = PBXGroup;
			children = (
				2B6C0D6A1B378259000C57F2 /* AppDelegate.swift */,
				2B6C0D6C1B378259000C57F2 /* ViewController.swift */,
				2B6C0D6E1B378259000C57F2 /* Main.storyboard */,
				2B6C0D711B378259000C57F2 /* Images.xcassets */,
				2B6C0D731B378259000C57F2 /* LaunchScreen.xib */,
				2B6C0D681B378259000C57F2 /* Supporting Files */,
			);
			path = ReusableVCDemo;
			sourceTree = "<group>";
		};
		2B6C0D681B378259000C57F2 /* Supporting Files */ = {
			isa = PBXGroup;
			children = (
				2B6C0D691B378259000C57F2 /* Info.plist */,
			);
			name = "Supporting Files";
			sourceTree = "<group>";
		};
		2B6C0D7D1B378259000C57F2 /* ReusableVCDemoTests */ = {
			isa = PBXGroup;
			children = (
				2B6C0D801B378259000C57F2 /* ReusableVCDemoTests.swift */,
				2B6C0D7E1B378259000C57F2 /* Supporting Files */,
			);
			path = ReusableVCDemoTests;
			sourceTree = "<group>";
		};
		2B6C0D7E1B378259000C57F2 /* Supporting Files */ = {
			isa = PBXGroup;
			children = (
				2B6C0D7F1B378259000C57F2 /* Info.plist */,
			);
			name = "Supporting Files";
			sourceTree = "<group>";
		};
/* End PBXGroup section */

/* Begin PBXNativeTarget section */
		2B6C0D641B378259000C57F2 /* ReusableVCDemo */ = {
			isa = PBXNativeTarget;
			buildConfigurationList = 2B6C0D841B378259000C57F2 /* Build configuration list for PBXNativeTarget "ReusableVCDemo" */;
			buildPhases = (
				2B6C0D611B378259000C57F2 /* Sources */,
				2B6C0D621B378259000C57F2 /* Frameworks */,
				2B6C0D631B378259000C57F2 /* Resources */,
			);
			buildRules = (
			);
			dependencies = (
			);
			name = ReusableVCDemo;
			productName = ReusableVCDemo;
			productReference = 2B6C0D651B378259000C57F2 /* ReusableVCDemo.app */;
			productType = "com.apple.product-type.application";
		};
		2B6C0D791B378259000C57F2 /* ReusableVCDemoTests */ = {
			isa = PBXNativeTarget;
			buildConfigurationList = 2B6C0D871B378259000C57F2 /* Build configuration list for PBXNativeTarget "ReusableVCDemoTests" */;
			buildPhases = (
				2B6C0D761B378259000C57F2 /* Sources */,
				2B6C0D771B378259000C57F2 /* Frameworks */,
				2B6C0D781B378259000C57F2 /* Resources */,
			);
			buildRules = (
			);
			dependencies = (
				2B6C0D7C1B378259000C57F2 /* PBXTargetDependency */,
			);
			name = ReusableVCDemoTests;
			productName = ReusableVCDemoTests;
			productReference = 2B6C0D7A1B378259000C57F2 /* ReusableVCDemoTests.xctest */;
			productType = "com.apple.product-type.bundle.unit-test";
		};
/* End PBXNativeTarget section */

/* Begin PBXProject section */
		2B6C0D5D1B378259000C57F2 /* Project object */ = {
			isa = PBXProject;
			attributes = {
				LastUpgradeCheck = 0630;
				ORGANIZATIONNAME = manemone.com;
				TargetAttributes = {
					2B6C0D641B378259000C57F2 = {
						CreatedOnToolsVersion = 6.3.2;
					};
					2B6C0D791B378259000C57F2 = {
						CreatedOnToolsVersion = 6.3.2;
						TestTargetID = 2B6C0D641B378259000C57F2;
					};
				};
			};
			buildConfigurationList = 2B6C0D601B378259000C57F2 /* Build configuration list for PBXProject "ReusableVCDemo" */;
			compatibilityVersion = "Xcode 3.2";
			developmentRegion = English;
			hasScannedForEncodings = 0;
			knownRegions = (
				en,
				Base,
			);
			mainGroup = 2B6C0D5C1B378259000C57F2;
			productRefGroup = 2B6C0D661B378259000C57F2 /* Products */;
			projectDirPath = "";
			projectRoot = "";
			targets = (
				2B6C0D641B378259000C57F2 /* ReusableVCDemo */,
				2B6C0D791B378259000C57F2 /* ReusableVCDemoTests */,
			);
		};
/* End PBXProject section */

/* Begin PBXResourcesBuildPhase section */
		2B6C0D631B378259000C57F2 /* Resources */ = {
			isa = PBXResourcesBuildPhase;
			buildActionMask = 2147483647;
			files = (
				2B6C0D701B378259000C57F2 /* Main.storyboard in Resources */,
				2B6C0D751B378259000C57F2 /* LaunchScreen.xib in Resources */,
				2B6C0D721B378259000C57F2 /* Images.xcassets in Resources */,
			);
			runOnlyForDeploymentPostprocessing = 0;
		};
		2B6C0D781B378259000C57F2 /* Resources */ = {
			isa = PBXResourcesBuildPhase;
			buildActionMask = 2147483647;
			files = (
			);
			runOnlyForDeploymentPostprocessing = 0;
		};
/* End PBXResourcesBuildPhase section */

/* Begin PBXSourcesBuildPhase section */
		2B6C0D611B378259000C57F2 /* Sources */ = {
			isa = PBXSourcesBuildPhase;
			buildActionMask = 2147483647;
			files = (
				2B6C0D6D1B378259000C57F2 /* ViewController.swift in Sources */,
				2B6C0D6B1B378259000C57F2 /* AppDelegate.swift in Sources */,
			);
			runOnlyForDeploymentPostprocessing = 0;
		};
		2B6C0D761B378259000C57F2 /* Sources */ = {
			isa = PBXSourcesBuildPhase;
			buildActionMask = 2147483647;
			files = (
				2B6C0D811B378259000C57F2 /* ReusableVCDemoTests.swift in Sources */,
			);
			runOnlyForDeploymentPostprocessing = 0;
		};
/* End PBXSourcesBuildPhase section */

/* Begin PBXTargetDependency section */
		2B6C0D7C1B378259000C57F2 /* PBXTargetDependency */ = {
			isa = PBXTargetDependency;
			target = 2B6C0D641B378259000C57F2 /* ReusableVCDemo */;
			targetProxy = 2B6C0D7B1B378259000C57F2 /* PBXContainerItemProxy */;
		};
/* End PBXTargetDependency section */

/* Begin PBXVariantGroup section */
		2B6C0D6E1B378259000C57F2 /* Main.storyboard */ = {
			isa = PBXVariantGroup;
			children = (
				2B6C0D6F1B378259000C57F2 /* Base */,
			);
			name = Main.storyboard;
			sourceTree = "<group>";
		};
		2B6C0D731B378259000C57F2 /* LaunchScreen.xib */ = {
			isa = PBXVariantGroup;
			children = (
				2B6C0D741B378259000C57F2 /* Base */,
			);
			name = LaunchScreen.xib;
			sourceTree = "<group>";
		};
/* End PBXVariantGroup section */

/* Begin XCBuildConfiguration section */
		2B6C0D821B378259000C57F2 /* Debug */ = {
			isa = XCBuildConfiguration;
			buildSettings = {
				ALWAYS_SEARCH_USER_PATHS = NO;
				CLANG_CXX_LANGUAGE_STANDARD = "gnu++0x";
				CLANG_CXX_LIBRARY = "libc++";
				CLANG_ENABLE_MODULES = YES;
				CLANG_ENABLE_OBJC_ARC = YES;
				CLANG_WARN_BOOL_CONVERSION = YES;
				CLANG_WARN_CONSTANT_CONVERSION = YES;
				CLANG_WARN_DIRECT_OBJC_ISA_USAGE = YES_ERROR;
				CLANG_WARN_EMPTY_BODY = YES;
				CLANG_WARN_ENUM_CONVERSION = YES;
				CLANG_WARN_INT_CONVERSION = YES;
				CLANG_WARN_OBJC_ROOT_CLASS = YES_ERROR;
				CLANG_WARN_UNREACHABLE_CODE = YES;
				CLANG_WARN__DUPLICATE_METHOD_MATCH = YES;
				"CODE_SIGN_IDENTITY[sdk=iphoneos*]" = "iPhone Developer";
				COPY_PHASE_STRIP = NO;
				DEBUG_INFORMATION_FORMAT = "dwarf-with-dsym";
				ENABLE_STRICT_OBJC_MSGSEND = YES;
				GCC_C_LANGUAGE_STANDARD = gnu99;
				GCC_DYNAMIC_NO_PIC = NO;
				GCC_NO_COMMON_BLOCKS = YES;
				GCC_OPTIMIZATION_LEVEL = 0;
				GCC_PREPROCESSOR_DEFINITIONS = (
					"DEBUG=1",
					"$(inherited)",
				);
				GCC_SYMBOLS_PRIVATE_EXTERN = NO;
				GCC_WARN_64_TO_32_BIT_CONVERSION = YES;
				GCC_WARN_ABOUT_RETURN_TYPE = YES_ERROR;
				GCC_WARN_UNDECLARED_SELECTOR = YES;
				GCC_WARN_UNINITIALIZED_AUTOS = YES_AGGRESSIVE;
				GCC_WARN_UNUSED_FUNCTION = YES;
				GCC_WARN_UNUSED_VARIABLE = YES;
				IPHONEOS_DEPLOYMENT_TARGET = 8.3;
				MTL_ENABLE_DEBUG_INFO = YES;
				ONLY_ACTIVE_ARCH = YES;
				SDKROOT = iphoneos;
				SWIFT_OPTIMIZATION_LEVEL = "-Onone";
			};
			name = Debug;
		};
		2B6C0D831B378259000C57F2 /* Release */ = {
			isa = XCBuildConfiguration;
			buildSettings = {
				ALWAYS_SEARCH_USER_PATHS = NO;
				CLANG_CXX_LANGUAGE_STANDARD = "gnu++0x";
				CLANG_CXX_LIBRARY = "libc++";
				CLANG_ENABLE_MODULES = YES;
				CLANG_ENABLE_OBJC_ARC = YES;
				CLANG_WARN_BOOL_CONVERSION = YES;
				CLANG_WARN_CONSTANT_CONVERSION = YES;
				CLANG_WARN_DIRECT_OBJC_ISA_USAGE = YES_ERROR;
				CLANG_WARN_EMPTY_BODY = YES;
				CLANG_WARN_ENUM_CONVERSION = YES;
				CLANG_WARN_INT_CONVERSION = YES;
				CLANG_WARN_OBJC_ROOT_CLASS = YES_ERROR;
				CLANG_WARN_UNREACHABLE_CODE = YES;
				CLANG_WARN__DUPLICATE_METHOD_MATCH = YES;
				"CODE_SIGN_IDENTITY[sdk=iphoneos*]" = "iPhone Developer";
				COPY_PHASE_STRIP = NO;
				DEBUG_INFORMATION_FORMAT = "dwarf-with-dsym";
				ENABLE_NS_ASSERTIONS = NO;
				ENABLE_STRICT_OBJC_MSGSEND = YES;
				GCC_C_LANGUAGE_STANDARD = gnu99;
				GCC_NO_COMMON_BLOCKS = YES;
				GCC_WARN_64_TO_32_BIT_CONVERSION = YES;
				GCC_WARN_ABOUT_RETURN_TYPE = YES_ERROR;
				GCC_WARN_UNDECLARED_SELECTOR = YES;
				GCC_WARN_UNINITIALIZED_AUTOS = YES_AGGRESSIVE;
				GCC_WARN_UNUSED_FUNCTION = YES;
				GCC_WARN_UNUSED_VARIABLE = YES;
				IPHONEOS_DEPLOYMENT_TARGET = 8.3;
				MTL_ENABLE_DEBUG_INFO = NO;
				SDKROOT = iphoneos;
				VALIDATE_PRODUCT = YES;
			};
			name = Release;
		};
		2B6C0D851B378259000C57F2 /* Debug */ = {
			isa = XCBuildConfiguration;
			buildSettings = {
				ASSETCATALOG_COMPILER_APPICON_NAME = AppIcon;
				INFOPLIST_FILE = ReusableVCDemo/Info.plist;
				LD_RUNPATH_SEARCH_PATHS = "$(inherited) @executable_path/Frameworks";
				PRODUCT_NAME = "$(TARGET_NAME)";
			};
			name = Debug;
		};
		2B6C0D861B378259000C57F2 /* Release */ = {
			isa = XCBuildConfiguration;
			buildSettings = {
				ASSETCATALOG_COMPILER_APPICON_NAME = AppIcon;
				INFOPLIST_FILE = ReusableVCDemo/Info.plist;
				LD_RUNPATH_SEARCH_PATHS = "$(inherited) @executable_path/Frameworks";
				PRODUCT_NAME = "$(TARGET_NAME)";
			};
			name = Release;
		};
		2B6C0D881B378259000C57F2 /* Debug */ = {
			isa = XCBuildConfiguration;
			buildSettings = {
				BUNDLE_LOADER = "$(TEST_HOST)";
				FRAMEWORK_SEARCH_PATHS = (
					"$(SDKROOT)/Developer/Library/Frameworks",
					"$(inherited)",
				);
				GCC_PREPROCESSOR_DEFINITIONS = (
					"DEBUG=1",
					"$(inherited)",
				);
				INFOPLIST_FILE = ReusableVCDemoTests/Info.plist;
				LD_RUNPATH_SEARCH_PATHS = "$(inherited) @executable_path/Frameworks @loader_path/Frameworks";
				PRODUCT_NAME = "$(TARGET_NAME)";
				TEST_HOST = "$(BUILT_PRODUCTS_DIR)/ReusableVCDemo.app/ReusableVCDemo";
			};
			name = Debug;
		};
		2B6C0D891B378259000C57F2 /* Release */ = {
			isa = XCBuildConfiguration;
			buildSettings = {
				BUNDLE_LOADER = "$(TEST_HOST)";
				FRAMEWORK_SEARCH_PATHS = (
					"$(SDKROOT)/Developer/Library/Frameworks",
					"$(inherited)",
				);
				INFOPLIST_FILE = ReusableVCDemoTests/Info.plist;
				LD_RUNPATH_SEARCH_PATHS = "$(inherited) @executable_path/Frameworks @loader_path/Frameworks";
				PRODUCT_NAME = "$(TARGET_NAME)";
				TEST_HOST = "$(BUILT_PRODUCTS_DIR)/ReusableVCDemo.app/ReusableVCDemo";
			};
			name = Release;
		};
/* End XCBuildConfiguration section */

/* Begin XCConfigurationList section */
		2B6C0D601B378259000C57F2 /* Build configuration list for PBXProject "ReusableVCDemo" */ = {
			isa = XCConfigurationList;
			buildConfigurations = (
				2B6C0D821B378259000C57F2 /* Debug */,
				2B6C0D831B378259000C57F2 /* Release */,
			);
			defaultConfigurationIsVisible = 0;
			defaultConfigurationName = Release;
		};
		2B6C0D841B378259000C57F2 /* Build configuration list for PBXNativeTarget "ReusableVCDemo" */ = {
			isa = XCConfigurationList;
			buildConfigurations = (
				2B6C0D851B378259000C57F2 /* Debug */,
				2B6C0D861B378259000C57F2 /* Release */,
			);
			defaultConfigurationIsVisible = 0;
		};
		2B6C0D871B378259000C57F2 /* Build configuration list for PBXNativeTarget "ReusableVCDemoTests" */ = {
			isa = XCConfigurationList;
			buildConfigurations = (
				2B6C0D881B378259000C57F2 /* Debug */,
				2B6C0D891B378259000C57F2 /* Release */,
			);
			defaultConfigurationIsVisible = 0;
		};
/* End XCConfigurationList section */
	};
	rootObject = 2B6C0D5D1B378259000C57F2 /* Project object */;
}
